
Microsoft Visual Studio Solution File, Format Version 12.00
# Visual Studio 15
VisualStudioVersion = 15.0.27703.2042
MinimumVisualStudioVersion = 10.0.40219.1
Project("{FAE04EC0-301F-11D3-BF4B-00C04F79EFBC}") = "App.Android", "App\App.Android\App.Android.csproj", "{E4C4AA60-0248-4723-96CF-85353A1853E3}"
EndProject
Project("{FAE04EC0-301F-11D3-BF4B-00C04F79EFBC}") = "App.iOS", "App\App.iOS\App.iOS.csproj", "{08417249-80B9-46AC-87DA-8C978869EE84}"
EndProject
Project("{FAE04EC0-301F-11D3-BF4B-00C04F79EFBC}") = "App", "App\App\App.csproj", "{C9B20AFF-4CEA-40A4-A708-B1118D7A1A68}"
EndProject
Project("{FAE04EC0-301F-11D3-BF4B-00C04F79EFBC}") = "Data", "Data\Data.csproj", "{19C36DCA-7D93-4A98-8CD7-04636EBA8BAD}"
EndProject
Project("{FAE04EC0-301F-11D3-BF4B-00C04F79EFBC}") = "DataAccess", "DataAccess\DataAccess.csproj", "{E1280B60-7C17-4F3E-8899-A763BE45314E}"
EndProject
Global
	GlobalSection(SolutionConfigurationPlatforms) = preSolution
		Ad-Hoc|Any CPU = Ad-Hoc|Any CPU
		Ad-Hoc|iPhone = Ad-Hoc|iPhone
		Ad-Hoc|iPhoneSimulator = Ad-Hoc|iPhoneSimulator
		AppStore|Any CPU = AppStore|Any CPU
		AppStore|iPhone = AppStore|iPhone
		AppStore|iPhoneSimulator = AppStore|iPhoneSimulator
		Debug|Any CPU = Debug|Any CPU
		Debug|iPhone = Debug|iPhone
		Debug|iPhoneSimulator = Debug|iPhoneSimulator
		Release|Any CPU = Release|Any CPU
		Release|iPhone = Release|iPhone
		Release|iPhoneSimulator = Release|iPhoneSimulator
	EndGlobalSection
	GlobalSection(ProjectConfigurationPlatforms) = postSolution
		{E4C4AA60-0248-4723-96CF-85353A1853E3}.Ad-Hoc|Any CPU.ActiveCfg = Release|Any CPU
		{E4C4AA60-0248-4723-96CF-85353A1853E3}.Ad-Hoc|Any CPU.Build.0 = Release|Any CPU
		{E4C4AA60-0248-4723-96CF-85353A1853E3}.Ad-Hoc|Any CPU.Deploy.0 = Release|Any CPU
		{E4C4AA60-0248-4723-96CF-85353A1853E3}.Ad-Hoc|iPhone.ActiveCfg = Release|Any CPU
		{E4C4AA60-0248-4723-96CF-85353A1853E3}.Ad-Hoc|iPhone.Build.0 = Release|Any CPU
		{E4C4AA60-0248-4723-96CF-85353A1853E3}.Ad-Hoc|iPhone.Deploy.0 = Release|Any CPU
		{E4C4AA60-0248-4723-96CF-85353A1853E3}.Ad-Hoc|iPhoneSimulator.ActiveCfg = Release|Any CPU
		{E4C4AA60-0248-4723-96CF-85353A1853E3}.Ad-Hoc|iPhoneSimulator.Build.0 = Release|Any CPU
		{E4C4AA60-0248-4723-96CF-85353A1853E3}.Ad-Hoc|iPhoneSimulator.Deploy.0 = Release|Any CPU
		{E4C4AA60-0248-4723-96CF-85353A1853E3}.AppStore|Any CPU.ActiveCfg = Release|Any CPU
		{E4C4AA60-0248-4723-96CF-85353A1853E3}.AppStore|Any CPU.Build.0 = Release|Any CPU
		{E4C4AA60-0248-4723-96CF-85353A1853E3}.AppStore|Any CPU.Deploy.0 = Release|Any CPU
		{E4C4AA60-0248-4723-96CF-85353A1853E3}.AppStore|iPhone.ActiveCfg = Release|Any CPU
		{E4C4AA60-0248-4723-96CF-85353A1853E3}.AppStore|iPhone.Build.0 = Release|Any CPU
		{E4C4AA60-0248-4723-96CF-85353A1853E3}.AppStore|iPhone.Deploy.0 = Release|Any CPU
		{E4C4AA60-0248-4723-96CF-85353A1853E3}.AppStore|iPhoneSimulator.ActiveCfg = Release|Any CPU
		{E4C4AA60-0248-4723-96CF-85353A1853E3}.AppStore|iPhoneSimulator.Build.0 = Release|Any CPU
		{E4C4AA60-0248-4723-96CF-85353A1853E3}.AppStore|iPhoneSimulator.Deploy.0 = Release|Any CPU
		{E4C4AA60-0248-4723-96CF-85353A1853E3}.Debug|Any CPU.ActiveCfg = Debug|Any CPU
		{E4C4AA60-0248-4723-96CF-85353A1853E3}.Debug|Any CPU.Build.0 = Debug|Any CPU
		{E4C4AA60-0248-4723-96CF-85353A1853E3}.Debug|Any CPU.Deploy.0 = Debug|Any CPU
		{E4C4AA60-0248-4723-96CF-85353A1853E3}.Debug|iPhone.ActiveCfg = Debug|Any CPU
		{E4C4AA60-0248-4723-96CF-85353A1853E3}.Debug|iPhone.Build.0 = Debug|Any CPU
		{E4C4AA60-0248-4723-96CF-85353A1853E3}.Debug|iPhone.Deploy.0 = Debug|Any CPU
		{E4C4AA60-0248-4723-96CF-85353A1853E3}.Debug|iPhoneSimulator.ActiveCfg = Debug|Any CPU
		{E4C4AA60-0248-4723-96CF-85353A1853E3}.Debug|iPhoneSimulator.Build.0 = Debug|Any CPU
		{E4C4AA60-0248-4723-96CF-85353A1853E3}.Debug|iPhoneSimulator.Deploy.0 = Debug|Any CPU
		{E4C4AA60-0248-4723-96CF-85353A1853E3}.Release|Any CPU.ActiveCfg = Release|Any CPU
		{E4C4AA60-0248-4723-96CF-85353A1853E3}.Release|Any CPU.Build.0 = Release|Any CPU
		{E4C4AA60-0248-4723-96CF-85353A1853E3}.Release|Any CPU.Deploy.0 = Release|Any CPU
		{E4C4AA60-0248-4723-96CF-85353A1853E3}.Release|iPhone.ActiveCfg = Release|Any CPU
		{E4C4AA60-0248-4723-96CF-85353A1853E3}.Release|iPhone.Build.0 = Release|Any CPU
		{E4C4AA60-0248-4723-96CF-85353A1853E3}.Release|iPhone.Deploy.0 = Release|Any CPU
		{E4C4AA60-0248-4723-96CF-85353A1853E3}.Release|iPhoneSimulator.ActiveCfg = Release|Any CPU
		{E4C4AA60-0248-4723-96CF-85353A1853E3}.Release|iPhoneSimulator.Build.0 = Release|Any CPU
		{E4C4AA60-0248-4723-96CF-85353A1853E3}.Release|iPhoneSimulator.Deploy.0 = Release|Any CPU
		{08417249-80B9-46AC-87DA-8C978869EE84}.Ad-Hoc|Any CPU.ActiveCfg = Ad-Hoc|iPhone
		{08417249-80B9-46AC-87DA-8C978869EE84}.Ad-Hoc|Any CPU.Build.0 = Ad-Hoc|iPhone
		{08417249-80B9-46AC-87DA-8C978869EE84}.Ad-Hoc|Any CPU.Deploy.0 = Ad-Hoc|iPhone
		{08417249-80B9-46AC-87DA-8C978869EE84}.Ad-Hoc|iPhone.ActiveCfg = Ad-Hoc|iPhone
		{08417249-80B9-46AC-87DA-8C978869EE84}.Ad-Hoc|iPhone.Build.0 = Ad-Hoc|iPhone
		{08417249-80B9-46AC-87DA-8C978869EE84}.Ad-Hoc|iPhone.Deploy.0 = Ad-Hoc|iPhone
		{08417249-80B9-46AC-87DA-8C978869EE84}.Ad-Hoc|iPhoneSimulator.ActiveCfg = Ad-Hoc|iPhoneSimulator
		{08417249-80B9-46AC-87DA-8C978869EE84}.Ad-Hoc|iPhoneSimulator.Build.0 = Ad-Hoc|iPhoneSimulator
		{08417249-80B9-46AC-87DA-8C978869EE84}.Ad-Hoc|iPhoneSimulator.Deploy.0 = Ad-Hoc|iPhoneSimulator
		{08417249-80B9-46AC-87DA-8C978869EE84}.AppStore|Any CPU.ActiveCfg = AppStore|iPhone
		{08417249-80B9-46AC-87DA-8C978869EE84}.AppStore|Any CPU.Build.0 = AppStore|iPhone
		{08417249-80B9-46AC-87DA-8C978869EE84}.AppStore|Any CPU.Deploy.0 = AppStore|iPhone
		{08417249-80B9-46AC-87DA-8C978869EE84}.AppStore|iPhone.ActiveCfg = AppStore|iPhone
		{08417249-80B9-46AC-87DA-8C978869EE84}.AppStore|iPhone.Build.0 = AppStore|iPhone
		{08417249-80B9-46AC-87DA-8C978869EE84}.AppStore|iPhone.Deploy.0 = AppStore|iPhone
		{08417249-80B9-46AC-87DA-8C978869EE84}.AppStore|iPhoneSimulator.ActiveCfg = AppStore|iPhoneSimulator
		{08417249-80B9-46AC-87DA-8C978869EE84}.AppStore|iPhoneSimulator.Build.0 = AppStore|iPhoneSimulator
		{08417249-80B9-46AC-87DA-8C978869EE84}.AppStore|iPhoneSimulator.Deploy.0 = AppStore|iPhoneSimulator
		{08417249-80B9-46AC-87DA-8C978869EE84}.Debug|Any CPU.ActiveCfg = Debug|iPhoneSimulator
		{08417249-80B9-46AC-87DA-8C978869EE84}.Debug|Any CPU.Build.0 = Debug|iPhoneSimulator
		{08417249-80B9-46AC-87DA-8C978869EE84}.Debug|Any CPU.Deploy.0 = Debug|iPhoneSimulator
		{08417249-80B9-46AC-87DA-8C978869EE84}.Debug|iPhone.ActiveCfg = Debug|iPhone
		{08417249-80B9-46AC-87DA-8C978869EE84}.Debug|iPhone.Build.0 = Debug|iPhone
		{08417249-80B9-46AC-87DA-8C978869EE84}.Debug|iPhone.Deploy.0 = Debug|iPhone
		{08417249-80B9-46AC-87DA-8C978869EE84}.Debug|iPhoneSimulator.ActiveCfg = Debug|iPhoneSimulator
		{08417249-80B9-46AC-87DA-8C978869EE84}.Debug|iPhoneSimulator.Build.0 = Debug|iPhoneSimulator
		{08417249-80B9-46AC-87DA-8C978869EE84}.Debug|iPhoneSimulator.Deploy.0 = Debug|iPhoneSimulator
		{08417249-80B9-46AC-87DA-8C978869EE84}.Release|Any CPU.ActiveCfg = Release|iPhone
		{08417249-80B9-46AC-87DA-8C978869EE84}.Release|Any CPU.Build.0 = Release|iPhone
		{08417249-80B9-46AC-87DA-8C978869EE84}.Release|Any CPU.Deploy.0 = Release|iPhone
		{08417249-80B9-46AC-87DA-8C978869EE84}.Release|iPhone.ActiveCfg = Release|iPhone
		{08417249-80B9-46AC-87DA-8C978869EE84}.Release|iPhone.Build.0 = Release|iPhone
		{08417249-80B9-46AC-87DA-8C978869EE84}.Release|iPhone.Deploy.0 = Release|iPhone
		{08417249-80B9-46AC-87DA-8C978869EE84}.Release|iPhoneSimulator.ActiveCfg = Release|iPhoneSimulator
		{08417249-80B9-46AC-87DA-8C978869EE84}.Release|iPhoneSimulator.Build.0 = Release|iPhoneSimulator
		{08417249-80B9-46AC-87DA-8C978869EE84}.Release|iPhoneSimulator.Deploy.0 = Release|iPhoneSimulator
		{C9B20AFF-4CEA-40A4-A708-B1118D7A1A68}.Ad-Hoc|Any CPU.ActiveCfg = Debug|Any CPU
		{C9B20AFF-4CEA-40A4-A708-B1118D7A1A68}.Ad-Hoc|Any CPU.Build.0 = Debug|Any CPU
		{C9B20AFF-4CEA-40A4-A708-B1118D7A1A68}.Ad-Hoc|Any CPU.Deploy.0 = Debug|Any CPU
		{C9B20AFF-4CEA-40A4-A708-B1118D7A1A68}.Ad-Hoc|iPhone.ActiveCfg = Debug|Any CPU
		{C9B20AFF-4CEA-40A4-A708-B1118D7A1A68}.Ad-Hoc|iPhone.Build.0 = Debug|Any CPU
		{C9B20AFF-4CEA-40A4-A708-B1118D7A1A68}.Ad-Hoc|iPhone.Deploy.0 = Debug|Any CPU
		{C9B20AFF-4CEA-40A4-A708-B1118D7A1A68}.Ad-Hoc|iPhoneSimulator.ActiveCfg = Debug|Any CPU
		{C9B20AFF-4CEA-40A4-A708-B1118D7A1A68}.Ad-Hoc|iPhoneSimulator.Build.0 = Debug|Any CPU
		{C9B20AFF-4CEA-40A4-A708-B1118D7A1A68}.Ad-Hoc|iPhoneSimulator.Deploy.0 = Debug|Any CPU
		{C9B20AFF-4CEA-40A4-A708-B1118D7A1A68}.AppStore|Any CPU.ActiveCfg = Debug|Any CPU
		{C9B20AFF-4CEA-40A4-A708-B1118D7A1A68}.AppStore|Any CPU.Build.0 = Debug|Any CPU
		{C9B20AFF-4CEA-40A4-A708-B1118D7A1A68}.AppStore|Any CPU.Deploy.0 = Debug|Any CPU
		{C9B20AFF-4CEA-40A4-A708-B1118D7A1A68}.AppStore|iPhone.ActiveCfg = Debug|Any CPU
		{C9B20AFF-4CEA-40A4-A708-B1118D7A1A68}.AppStore|iPhone.Build.0 = Debug|Any CPU
		{C9B20AFF-4CEA-40A4-A708-B1118D7A1A68}.AppStore|iPhone.Deploy.0 = Debug|Any CPU
		{C9B20AFF-4CEA-40A4-A708-B1118D7A1A68}.AppStore|iPhoneSimulator.ActiveCfg = Debug|Any CPU
		{C9B20AFF-4CEA-40A4-A708-B1118D7A1A68}.AppStore|iPhoneSimulator.Build.0 = Debug|Any CPU
		{C9B20AFF-4CEA-40A4-A708-B1118D7A1A68}.AppStore|iPhoneSimulator.Deploy.0 = Debug|Any CPU
		{C9B20AFF-4CEA-40A4-A708-B1118D7A1A68}.Debug|Any CPU.ActiveCfg = Debug|Any CPU
		{C9B20AFF-4CEA-40A4-A708-B1118D7A1A68}.Debug|Any CPU.Build.0 = Debug|Any CPU
		{C9B20AFF-4CEA-40A4-A708-B1118D7A1A68}.Debug|Any CPU.Deploy.0 = Debug|Any CPU
		{C9B20AFF-4CEA-40A4-A708-B1118D7A1A68}.Debug|iPhone.ActiveCfg = Debug|Any CPU
		{C9B20AFF-4CEA-40A4-A708-B1118D7A1A68}.Debug|iPhone.Build.0 = Debug|Any CPU
		{C9B20AFF-4CEA-40A4-A708-B1118D7A1A68}.Debug|iPhone.Deploy.0 = Debug|Any CPU
		{C9B20AFF-4CEA-40A4-A708-B1118D7A1A68}.Debug|iPhoneSimulator.ActiveCfg = Debug|Any CPU
		{C9B20AFF-4CEA-40A4-A708-B1118D7A1A68}.Debug|iPhoneSimulator.Build.0 = Debug|Any CPU
		{C9B20AFF-4CEA-40A4-A708-B1118D7A1A68}.Debug|iPhoneSimulator.Deploy.0 = Debug|Any CPU
		{C9B20AFF-4CEA-40A4-A708-B1118D7A1A68}.Release|Any CPU.ActiveCfg = Release|Any CPU
		{C9B20AFF-4CEA-40A4-A708-B1118D7A1A68}.Release|Any CPU.Build.0 = Release|Any CPU
		{C9B20AFF-4CEA-40A4-A708-B1118D7A1A68}.Release|Any CPU.Deploy.0 = Release|Any CPU
		{C9B20AFF-4CEA-40A4-A708-B1118D7A1A68}.Release|iPhone.ActiveCfg = Release|Any CPU
		{C9B20AFF-4CEA-40A4-A708-B1118D7A1A68}.Release|iPhone.Build.0 = Release|Any CPU
		{C9B20AFF-4CEA-40A4-A708-B1118D7A1A68}.Release|iPhone.Deploy.0 = Release|Any CPU
		{C9B20AFF-4CEA-40A4-A708-B1118D7A1A68}.Release|iPhoneSimulator.ActiveCfg = Release|Any CPU
		{C9B20AFF-4CEA-40A4-A708-B1118D7A1A68}.Release|iPhoneSimulator.Build.0 = Release|Any CPU
		{C9B20AFF-4CEA-40A4-A708-B1118D7A1A68}.Release|iPhoneSimulator.Deploy.0 = Release|Any CPU
		{19C36DCA-7D93-4A98-8CD7-04636EBA8BAD}.Ad-Hoc|Any CPU.ActiveCfg = Release|Any CPU
		{19C36DCA-7D93-4A98-8CD7-04636EBA8BAD}.Ad-Hoc|Any CPU.Build.0 = Release|Any CPU
		{19C36DCA-7D93-4A98-8CD7-04636EBA8BAD}.Ad-Hoc|iPhone.ActiveCfg = Release|Any CPU
		{19C36DCA-7D93-4A98-8CD7-04636EBA8BAD}.Ad-Hoc|iPhone.Build.0 = Release|Any CPU
		{19C36DCA-7D93-4A98-8CD7-04636EBA8BAD}.Ad-Hoc|iPhoneSimulator.ActiveCfg = Release|Any CPU
		{19C36DCA-7D93-4A98-8CD7-04636EBA8BAD}.Ad-Hoc|iPhoneSimulator.Build.0 = Release|Any CPU
		{19C36DCA-7D93-4A98-8CD7-04636EBA8BAD}.AppStore|Any CPU.ActiveCfg = Release|Any CPU
		{19C36DCA-7D93-4A98-8CD7-04636EBA8BAD}.AppStore|Any CPU.Build.0 = Release|Any CPU
		{19C36DCA-7D93-4A98-8CD7-04636EBA8BAD}.AppStore|iPhone.ActiveCfg = Release|Any CPU
		{19C36DCA-7D93-4A98-8CD7-04636EBA8BAD}.AppStore|iPhone.Build.0 = Release|Any CPU
		{19C36DCA-7D93-4A98-8CD7-04636EBA8BAD}.AppStore|iPhoneSimulator.ActiveCfg = Release|Any CPU
		{19C36DCA-7D93-4A98-8CD7-04636EBA8BAD}.AppStore|iPhoneSimulator.Build.0 = Release|Any CPU
		{19C36DCA-7D93-4A98-8CD7-04636EBA8BAD}.Debug|Any CPU.ActiveCfg = Debug|Any CPU
		{19C36DCA-7D93-4A98-8CD7-04636EBA8BAD}.Debug|Any CPU.Build.0 = Debug|Any CPU
		{19C36DCA-7D93-4A98-8CD7-04636EBA8BAD}.Debug|iPhone.ActiveCfg = Debug|Any CPU
		{19C36DCA-7D93-4A98-8CD7-04636EBA8BAD}.Debug|iPhone.Build.0 = Debug|Any CPU
		{19C36DCA-7D93-4A98-8CD7-04636EBA8BAD}.Debug|iPhoneSimulator.ActiveCfg = Debug|Any CPU
		{19C36DCA-7D93-4A98-8CD7-04636EBA8BAD}.Debug|iPhoneSimulator.Build.0 = Debug|Any CPU
		{19C36DCA-7D93-4A98-8CD7-04636EBA8BAD}.Release|Any CPU.ActiveCfg = Release|Any CPU
		{19C36DCA-7D93-4A98-8CD7-04636EBA8BAD}.Release|Any CPU.Build.0 = Release|Any CPU
		{19C36DCA-7D93-4A98-8CD7-04636EBA8BAD}.Release|iPhone.ActiveCfg = Release|Any CPU
		{19C36DCA-7D93-4A98-8CD7-04636EBA8BAD}.Release|iPhone.Build.0 = Release|Any CPU
		{19C36DCA-7D93-4A98-8CD7-04636EBA8BAD}.Release|iPhoneSimulator.ActiveCfg = Release|Any CPU
		{19C36DCA-7D93-4A98-8CD7-04636EBA8BAD}.Release|iPhoneSimulator.Build.0 = Release|Any CPU
		{E1280B60-7C17-4F3E-8899-A763BE45314E}.Ad-Hoc|Any CPU.ActiveCfg = Release|Any CPU
		{E1280B60-7C17-4F3E-8899-A763BE45314E}.Ad-Hoc|Any CPU.Build.0 = Release|Any CPU
		{E1280B60-7C17-4F3E-8899-A763BE45314E}.Ad-Hoc|iPhone.ActiveCfg = Release|Any CPU
		{E1280B60-7C17-4F3E-8899-A763BE45314E}.Ad-Hoc|iPhone.Build.0 = Release|Any CPU
		{E1280B60-7C17-4F3E-8899-A763BE45314E}.Ad-Hoc|iPhoneSimulator.ActiveCfg = Release|Any CPU
		{E1280B60-7C17-4F3E-8899-A763BE45314E}.Ad-Hoc|iPhoneSimulator.Build.0 = Release|Any CPU
		{E1280B60-7C17-4F3E-8899-A763BE45314E}.AppStore|Any CPU.ActiveCfg = Release|Any CPU
		{E1280B60-7C17-4F3E-8899-A763BE45314E}.AppStore|Any CPU.Build.0 = Release|Any CPU
		{E1280B60-7C17-4F3E-8899-A763BE45314E}.AppStore|iPhone.ActiveCfg = Release|Any CPU
		{E1280B60-7C17-4F3E-8899-A763BE45314E}.AppStore|iPhone.Build.0 = Release|Any CPU
		{E1280B60-7C17-4F3E-8899-A763BE45314E}.AppStore|iPhoneSimulator.ActiveCfg = Release|Any CPU
		{E1280B60-7C17-4F3E-8899-A763BE45314E}.AppStore|iPhoneSimulator.Build.0 = Release|Any CPU
		{E1280B60-7C17-4F3E-8899-A763BE45314E}.Debug|Any CPU.ActiveCfg = Debug|Any CPU
		{E1280B60-7C17-4F3E-8899-A763BE45314E}.Debug|Any CPU.Build.0 = Debug|Any CPU
		{E1280B60-7C17-4F3E-8899-A763BE45314E}.Debug|iPhone.ActiveCfg = Debug|Any CPU
		{E1280B60-7C17-4F3E-8899-A763BE45314E}.Debug|iPhone.Build.0 = Debug|Any CPU
		{E1280B60-7C17-4F3E-8899-A763BE45314E}.Debug|iPhoneSimulator.ActiveCfg = Debug|Any CPU
		{E1280B60-7C17-4F3E-8899-A763BE45314E}.Debug|iPhoneSimulator.Build.0 = Debug|Any CPU
		{E1280B60-7C17-4F3E-8899-A763BE45314E}.Release|Any CPU.ActiveCfg = Release|Any CPU
		{E1280B60-7C17-4F3E-8899-A763BE45314E}.Release|Any CPU.Build.0 = Release|Any CPU
		{E1280B60-7C17-4F3E-8899-A763BE45314E}.Release|iPhone.ActiveCfg = Release|Any CPU
		{E1280B60-7C17-4F3E-8899-A763BE45314E}.Release|iPhone.Build.0 = Release|Any CPU
		{E1280B60-7C17-4F3E-8899-A763BE45314E}.Release|iPhoneSimulator.ActiveCfg = Release|Any CPU
		{E1280B60-7C17-4F3E-8899-A763BE45314E}.Release|iPhoneSimulator.Build.0 = Release|Any CPU
	EndGlobalSection
	GlobalSection(SolutionProperties) = preSolution
		HideSolutionNode = FALSE
	EndGlobalSection
	GlobalSection(ExtensibilityGlobals) = postSolution
		SolutionGuid = {21C7149F-34B1-4E66-9850-6ACC6C63D978}
	EndGlobalSection
EndGlobal
