
Microsoft Visual Studio Solution File, Format Version 12.00
# Visual Studio 15
VisualStudioVersion = 15.0.27703.2042
MinimumVisualStudioVersion = 10.0.40219.1
Project("{FAE04EC0-301F-11D3-BF4B-00C04F79EFBC}") = "App.Android", "App\App.Android\App.Android.csproj", "{6D56BE2E-9742-4374-80A2-4C4FDEBAC6EC}"
EndProject
Project("{FAE04EC0-301F-11D3-BF4B-00C04F79EFBC}") = "App.iOS", "App\App.iOS\App.iOS.csproj", "{B6F37457-E7B6-4791-B2B7-50E5F7E119AA}"
EndProject
Project("{FAE04EC0-301F-11D3-BF4B-00C04F79EFBC}") = "App", "App\App\App.csproj", "{3D44B135-B28D-416A-86CA-997AC4373BB4}"
EndProject
Global
	GlobalSection(SolutionConfigurationPlatforms) = preSolution
		Ad-Hoc|Any CPU = Ad-Hoc|Any CPU
		Ad-Hoc|iPhone = Ad-Hoc|iPhone
		Ad-Hoc|iPhoneSimulator = Ad-Hoc|iPhoneSimulator
		AppStore|Any CPU = AppStore|Any CPU
		AppStore|iPhone = AppStore|iPhone
		AppStore|iPhoneSimulator = AppStore|iPhoneSimulator
		Debug|Any CPU = Debug|Any CPU
		Debug|iPhone = Debug|iPhone
		Debug|iPhoneSimulator = Debug|iPhoneSimulator
		Release|Any CPU = Release|Any CPU
		Release|iPhone = Release|iPhone
		Release|iPhoneSimulator = Release|iPhoneSimulator
	EndGlobalSection
	GlobalSection(ProjectConfigurationPlatforms) = postSolution
		{6D56BE2E-9742-4374-80A2-4C4FDEBAC6EC}.Ad-Hoc|Any CPU.ActiveCfg = Release|Any CPU
		{6D56BE2E-9742-4374-80A2-4C4FDEBAC6EC}.Ad-Hoc|Any CPU.Build.0 = Release|Any CPU
		{6D56BE2E-9742-4374-80A2-4C4FDEBAC6EC}.Ad-Hoc|Any CPU.Deploy.0 = Release|Any CPU
		{6D56BE2E-9742-4374-80A2-4C4FDEBAC6EC}.Ad-Hoc|iPhone.ActiveCfg = Release|Any CPU
		{6D56BE2E-9742-4374-80A2-4C4FDEBAC6EC}.Ad-Hoc|iPhone.Build.0 = Release|Any CPU
		{6D56BE2E-9742-4374-80A2-4C4FDEBAC6EC}.Ad-Hoc|iPhone.Deploy.0 = Release|Any CPU
		{6D56BE2E-9742-4374-80A2-4C4FDEBAC6EC}.Ad-Hoc|iPhoneSimulator.ActiveCfg = Release|Any CPU
		{6D56BE2E-9742-4374-80A2-4C4FDEBAC6EC}.Ad-Hoc|iPhoneSimulator.Build.0 = Release|Any CPU
		{6D56BE2E-9742-4374-80A2-4C4FDEBAC6EC}.Ad-Hoc|iPhoneSimulator.Deploy.0 = Release|Any CPU
		{6D56BE2E-9742-4374-80A2-4C4FDEBAC6EC}.AppStore|Any CPU.ActiveCfg = Release|Any CPU
		{6D56BE2E-9742-4374-80A2-4C4FDEBAC6EC}.AppStore|Any CPU.Build.0 = Release|Any CPU
		{6D56BE2E-9742-4374-80A2-4C4FDEBAC6EC}.AppStore|Any CPU.Deploy.0 = Release|Any CPU
		{6D56BE2E-9742-4374-80A2-4C4FDEBAC6EC}.AppStore|iPhone.ActiveCfg = Release|Any CPU
		{6D56BE2E-9742-4374-80A2-4C4FDEBAC6EC}.AppStore|iPhone.Build.0 = Release|Any CPU
		{6D56BE2E-9742-4374-80A2-4C4FDEBAC6EC}.AppStore|iPhone.Deploy.0 = Release|Any CPU
		{6D56BE2E-9742-4374-80A2-4C4FDEBAC6EC}.AppStore|iPhoneSimulator.ActiveCfg = Release|Any CPU
		{6D56BE2E-9742-4374-80A2-4C4FDEBAC6EC}.AppStore|iPhoneSimulator.Build.0 = Release|Any CPU
		{6D56BE2E-9742-4374-80A2-4C4FDEBAC6EC}.AppStore|iPhoneSimulator.Deploy.0 = Release|Any CPU
		{6D56BE2E-9742-4374-80A2-4C4FDEBAC6EC}.Debug|Any CPU.ActiveCfg = Debug|Any CPU
		{6D56BE2E-9742-4374-80A2-4C4FDEBAC6EC}.Debug|Any CPU.Build.0 = Debug|Any CPU
		{6D56BE2E-9742-4374-80A2-4C4FDEBAC6EC}.Debug|Any CPU.Deploy.0 = Debug|Any CPU
		{6D56BE2E-9742-4374-80A2-4C4FDEBAC6EC}.Debug|iPhone.ActiveCfg = Debug|Any CPU
		{6D56BE2E-9742-4374-80A2-4C4FDEBAC6EC}.Debug|iPhone.Build.0 = Debug|Any CPU
		{6D56BE2E-9742-4374-80A2-4C4FDEBAC6EC}.Debug|iPhone.Deploy.0 = Debug|Any CPU
		{6D56BE2E-9742-4374-80A2-4C4FDEBAC6EC}.Debug|iPhoneSimulator.ActiveCfg = Debug|Any CPU
		{6D56BE2E-9742-4374-80A2-4C4FDEBAC6EC}.Debug|iPhoneSimulator.Build.0 = Debug|Any CPU
		{6D56BE2E-9742-4374-80A2-4C4FDEBAC6EC}.Debug|iPhoneSimulator.Deploy.0 = Debug|Any CPU
		{6D56BE2E-9742-4374-80A2-4C4FDEBAC6EC}.Release|Any CPU.ActiveCfg = Release|Any CPU
		{6D56BE2E-9742-4374-80A2-4C4FDEBAC6EC}.Release|Any CPU.Build.0 = Release|Any CPU
		{6D56BE2E-9742-4374-80A2-4C4FDEBAC6EC}.Release|Any CPU.Deploy.0 = Release|Any CPU
		{6D56BE2E-9742-4374-80A2-4C4FDEBAC6EC}.Release|iPhone.ActiveCfg = Release|Any CPU
		{6D56BE2E-9742-4374-80A2-4C4FDEBAC6EC}.Release|iPhone.Build.0 = Release|Any CPU
		{6D56BE2E-9742-4374-80A2-4C4FDEBAC6EC}.Release|iPhone.Deploy.0 = Release|Any CPU
		{6D56BE2E-9742-4374-80A2-4C4FDEBAC6EC}.Release|iPhoneSimulator.ActiveCfg = Release|Any CPU
		{6D56BE2E-9742-4374-80A2-4C4FDEBAC6EC}.Release|iPhoneSimulator.Build.0 = Release|Any CPU
		{6D56BE2E-9742-4374-80A2-4C4FDEBAC6EC}.Release|iPhoneSimulator.Deploy.0 = Release|Any CPU
		{B6F37457-E7B6-4791-B2B7-50E5F7E119AA}.Ad-Hoc|Any CPU.ActiveCfg = Ad-Hoc|iPhone
		{B6F37457-E7B6-4791-B2B7-50E5F7E119AA}.Ad-Hoc|Any CPU.Build.0 = Ad-Hoc|iPhone
		{B6F37457-E7B6-4791-B2B7-50E5F7E119AA}.Ad-Hoc|Any CPU.Deploy.0 = Ad-Hoc|iPhone
		{B6F37457-E7B6-4791-B2B7-50E5F7E119AA}.Ad-Hoc|iPhone.ActiveCfg = Ad-Hoc|iPhone
		{B6F37457-E7B6-4791-B2B7-50E5F7E119AA}.Ad-Hoc|iPhone.Build.0 = Ad-Hoc|iPhone
		{B6F37457-E7B6-4791-B2B7-50E5F7E119AA}.Ad-Hoc|iPhone.Deploy.0 = Ad-Hoc|iPhone
		{B6F37457-E7B6-4791-B2B7-50E5F7E119AA}.Ad-Hoc|iPhoneSimulator.ActiveCfg = Ad-Hoc|iPhoneSimulator
		{B6F37457-E7B6-4791-B2B7-50E5F7E119AA}.Ad-Hoc|iPhoneSimulator.Build.0 = Ad-Hoc|iPhoneSimulator
		{B6F37457-E7B6-4791-B2B7-50E5F7E119AA}.Ad-Hoc|iPhoneSimulator.Deploy.0 = Ad-Hoc|iPhoneSimulator
		{B6F37457-E7B6-4791-B2B7-50E5F7E119AA}.AppStore|Any CPU.ActiveCfg = AppStore|iPhone
		{B6F37457-E7B6-4791-B2B7-50E5F7E119AA}.AppStore|Any CPU.Build.0 = AppStore|iPhone
		{B6F37457-E7B6-4791-B2B7-50E5F7E119AA}.AppStore|Any CPU.Deploy.0 = AppStore|iPhone
		{B6F37457-E7B6-4791-B2B7-50E5F7E119AA}.AppStore|iPhone.ActiveCfg = AppStore|iPhone
		{B6F37457-E7B6-4791-B2B7-50E5F7E119AA}.AppStore|iPhone.Build.0 = AppStore|iPhone
		{B6F37457-E7B6-4791-B2B7-50E5F7E119AA}.AppStore|iPhone.Deploy.0 = AppStore|iPhone
		{B6F37457-E7B6-4791-B2B7-50E5F7E119AA}.AppStore|iPhoneSimulator.ActiveCfg = AppStore|iPhoneSimulator
		{B6F37457-E7B6-4791-B2B7-50E5F7E119AA}.AppStore|iPhoneSimulator.Build.0 = AppStore|iPhoneSimulator
		{B6F37457-E7B6-4791-B2B7-50E5F7E119AA}.AppStore|iPhoneSimulator.Deploy.0 = AppStore|iPhoneSimulator
		{B6F37457-E7B6-4791-B2B7-50E5F7E119AA}.Debug|Any CPU.ActiveCfg = Debug|iPhoneSimulator
		{B6F37457-E7B6-4791-B2B7-50E5F7E119AA}.Debug|Any CPU.Build.0 = Debug|iPhoneSimulator
		{B6F37457-E7B6-4791-B2B7-50E5F7E119AA}.Debug|Any CPU.Deploy.0 = Debug|iPhoneSimulator
		{B6F37457-E7B6-4791-B2B7-50E5F7E119AA}.Debug|iPhone.ActiveCfg = Debug|iPhone
		{B6F37457-E7B6-4791-B2B7-50E5F7E119AA}.Debug|iPhone.Build.0 = Debug|iPhone
		{B6F37457-E7B6-4791-B2B7-50E5F7E119AA}.Debug|iPhone.Deploy.0 = Debug|iPhone
		{B6F37457-E7B6-4791-B2B7-50E5F7E119AA}.Debug|iPhoneSimulator.ActiveCfg = Debug|iPhoneSimulator
		{B6F37457-E7B6-4791-B2B7-50E5F7E119AA}.Debug|iPhoneSimulator.Build.0 = Debug|iPhoneSimulator
		{B6F37457-E7B6-4791-B2B7-50E5F7E119AA}.Debug|iPhoneSimulator.Deploy.0 = Debug|iPhoneSimulator
		{B6F37457-E7B6-4791-B2B7-50E5F7E119AA}.Release|Any CPU.ActiveCfg = Release|iPhone
		{B6F37457-E7B6-4791-B2B7-50E5F7E119AA}.Release|Any CPU.Build.0 = Release|iPhone
		{B6F37457-E7B6-4791-B2B7-50E5F7E119AA}.Release|Any CPU.Deploy.0 = Release|iPhone
		{B6F37457-E7B6-4791-B2B7-50E5F7E119AA}.Release|iPhone.ActiveCfg = Release|iPhone
		{B6F37457-E7B6-4791-B2B7-50E5F7E119AA}.Release|iPhone.Build.0 = Release|iPhone
		{B6F37457-E7B6-4791-B2B7-50E5F7E119AA}.Release|iPhone.Deploy.0 = Release|iPhone
		{B6F37457-E7B6-4791-B2B7-50E5F7E119AA}.Release|iPhoneSimulator.ActiveCfg = Release|iPhoneSimulator
		{B6F37457-E7B6-4791-B2B7-50E5F7E119AA}.Release|iPhoneSimulator.Build.0 = Release|iPhoneSimulator
		{B6F37457-E7B6-4791-B2B7-50E5F7E119AA}.Release|iPhoneSimulator.Deploy.0 = Release|iPhoneSimulator
		{3D44B135-B28D-416A-86CA-997AC4373BB4}.Ad-Hoc|Any CPU.ActiveCfg = Debug|Any CPU
		{3D44B135-B28D-416A-86CA-997AC4373BB4}.Ad-Hoc|Any CPU.Build.0 = Debug|Any CPU
		{3D44B135-B28D-416A-86CA-997AC4373BB4}.Ad-Hoc|Any CPU.Deploy.0 = Debug|Any CPU
		{3D44B135-B28D-416A-86CA-997AC4373BB4}.Ad-Hoc|iPhone.ActiveCfg = Debug|Any CPU
		{3D44B135-B28D-416A-86CA-997AC4373BB4}.Ad-Hoc|iPhone.Build.0 = Debug|Any CPU
		{3D44B135-B28D-416A-86CA-997AC4373BB4}.Ad-Hoc|iPhone.Deploy.0 = Debug|Any CPU
		{3D44B135-B28D-416A-86CA-997AC4373BB4}.Ad-Hoc|iPhoneSimulator.ActiveCfg = Debug|Any CPU
		{3D44B135-B28D-416A-86CA-997AC4373BB4}.Ad-Hoc|iPhoneSimulator.Build.0 = Debug|Any CPU
		{3D44B135-B28D-416A-86CA-997AC4373BB4}.Ad-Hoc|iPhoneSimulator.Deploy.0 = Debug|Any CPU
		{3D44B135-B28D-416A-86CA-997AC4373BB4}.AppStore|Any CPU.ActiveCfg = Debug|Any CPU
		{3D44B135-B28D-416A-86CA-997AC4373BB4}.AppStore|Any CPU.Build.0 = Debug|Any CPU
		{3D44B135-B28D-416A-86CA-997AC4373BB4}.AppStore|Any CPU.Deploy.0 = Debug|Any CPU
		{3D44B135-B28D-416A-86CA-997AC4373BB4}.AppStore|iPhone.ActiveCfg = Debug|Any CPU
		{3D44B135-B28D-416A-86CA-997AC4373BB4}.AppStore|iPhone.Build.0 = Debug|Any CPU
		{3D44B135-B28D-416A-86CA-997AC4373BB4}.AppStore|iPhone.Deploy.0 = Debug|Any CPU
		{3D44B135-B28D-416A-86CA-997AC4373BB4}.AppStore|iPhoneSimulator.ActiveCfg = Debug|Any CPU
		{3D44B135-B28D-416A-86CA-997AC4373BB4}.AppStore|iPhoneSimulator.Build.0 = Debug|Any CPU
		{3D44B135-B28D-416A-86CA-997AC4373BB4}.AppStore|iPhoneSimulator.Deploy.0 = Debug|Any CPU
		{3D44B135-B28D-416A-86CA-997AC4373BB4}.Debug|Any CPU.ActiveCfg = Debug|Any CPU
		{3D44B135-B28D-416A-86CA-997AC4373BB4}.Debug|Any CPU.Build.0 = Debug|Any CPU
		{3D44B135-B28D-416A-86CA-997AC4373BB4}.Debug|Any CPU.Deploy.0 = Debug|Any CPU
		{3D44B135-B28D-416A-86CA-997AC4373BB4}.Debug|iPhone.ActiveCfg = Debug|Any CPU
		{3D44B135-B28D-416A-86CA-997AC4373BB4}.Debug|iPhone.Build.0 = Debug|Any CPU
		{3D44B135-B28D-416A-86CA-997AC4373BB4}.Debug|iPhone.Deploy.0 = Debug|Any CPU
		{3D44B135-B28D-416A-86CA-997AC4373BB4}.Debug|iPhoneSimulator.ActiveCfg = Debug|Any CPU
		{3D44B135-B28D-416A-86CA-997AC4373BB4}.Debug|iPhoneSimulator.Build.0 = Debug|Any CPU
		{3D44B135-B28D-416A-86CA-997AC4373BB4}.Debug|iPhoneSimulator.Deploy.0 = Debug|Any CPU
		{3D44B135-B28D-416A-86CA-997AC4373BB4}.Release|Any CPU.ActiveCfg = Release|Any CPU
		{3D44B135-B28D-416A-86CA-997AC4373BB4}.Release|Any CPU.Build.0 = Release|Any CPU
		{3D44B135-B28D-416A-86CA-997AC4373BB4}.Release|Any CPU.Deploy.0 = Release|Any CPU
		{3D44B135-B28D-416A-86CA-997AC4373BB4}.Release|iPhone.ActiveCfg = Release|Any CPU
		{3D44B135-B28D-416A-86CA-997AC4373BB4}.Release|iPhone.Build.0 = Release|Any CPU
		{3D44B135-B28D-416A-86CA-997AC4373BB4}.Release|iPhone.Deploy.0 = Release|Any CPU
		{3D44B135-B28D-416A-86CA-997AC4373BB4}.Release|iPhoneSimulator.ActiveCfg = Release|Any CPU
		{3D44B135-B28D-416A-86CA-997AC4373BB4}.Release|iPhoneSimulator.Build.0 = Release|Any CPU
		{3D44B135-B28D-416A-86CA-997AC4373BB4}.Release|iPhoneSimulator.Deploy.0 = Release|Any CPU
	EndGlobalSection
	GlobalSection(SolutionProperties) = preSolution
		HideSolutionNode = FALSE
	EndGlobalSection
	GlobalSection(ExtensibilityGlobals) = postSolution
		SolutionGuid = {4135B420-9F1C-4DE4-AFF2-024AFA69660E}
	EndGlobalSection
EndGlobal
